// !$*UTF8*$!
{
	archiveVersion = 1;
	classes = {
	};
	objectVersion = 46;
	objects = {

/* Begin PBXGroup section */
		16AB3CBE1A1A475B000673ED = {
			isa = PBXGroup;
			children = (
			);
			sourceTree = "<group>";
		};
/* End PBXGroup section */

/* Begin PBXProject section */
		16AB3CBF1A1A475B000673ED /* Project object */ = {
			isa = PBXProject;
			attributes = {
				LastUpgradeCheck = 0610;
			};
			buildConfigurationList = 16AB3CC21A1A475B000673ED /* Build configuration list for PBXProject "openGL-test" */;
			compatibilityVersion = "Xcode 3.2";
			developmentRegion = English;
			hasScannedForEncodings = 0;
			knownRegions = (
				en,
			);
			mainGroup = 16AB3CBE1A1A475B000673ED;
			projectDirPath = "";
			projectRoot = "";
			targets = (
			);
		};
/* End PBXProject section */

/* Begin XCBuildConfiguration section */
		16AB3CC31A1A475B000673ED /* Debug */ = {
			isa = XCBuildConfiguration;
			buildSettings = {
			};
			name = Debug;
		};
		16AB3CC41A1A475B000673ED /* Release */ = {
			isa = XCBuildConfiguration;
			buildSettings = {
			};
			name = Release;
		};
/* End XCBuildConfiguration section */

/* Begin XCConfigurationList section */
		16AB3CC21A1A475B000673ED /* Build configuration list for PBXProject "openGL-test" */ = {
			isa = XCConfigurationList;
			buildConfigurations = (
				16AB3CC31A1A475B000673ED /* Debug */,
				16AB3CC41A1A475B000673ED /* Release */,
			);
			defaultConfigurationIsVisible = 0;
			defaultConfigurationName = Release;
		};
/* End XCConfigurationList section */
	};
	rootObject = 16AB3CBF1A1A475B000673ED /* Project object */;
}
